// !$*UTF8*$!
{
	archiveVersion = 1;
	classes = {
	};
	objectVersion = 46;
	objects = {

/* Begin PBXBuildFile section */
		CE28C6A91DB94EB7003CCCE8 /* Helper.swift in Sources */ = {isa = PBXBuildFile; fileRef = CE28C6A81DB94EB7003CCCE8 /* Helper.swift */; };
		CED432E01DB13B9C00966DFD /* AppDelegate.swift in Sources */ = {isa = PBXBuildFile; fileRef = CED432DF1DB13B9C00966DFD /* AppDelegate.swift */; };
		CED432E21DB13B9C00966DFD /* ViewController.swift in Sources */ = {isa = PBXBuildFile; fileRef = CED432E11DB13B9C00966DFD /* ViewController.swift */; };
		CED432E41DB13B9C00966DFD /* Assets.xcassets in Resources */ = {isa = PBXBuildFile; fileRef = CED432E31DB13B9C00966DFD /* Assets.xcassets */; };
		CED432E71DB13B9C00966DFD /* Main.storyboard in Resources */ = {isa = PBXBuildFile; fileRef = CED432E51DB13B9C00966DFD /* Main.storyboard */; };
		CED432EF1DB141C900966DFD /* UploadFile.swift in Sources */ = {isa = PBXBuildFile; fileRef = CED432EE1DB141C900966DFD /* UploadFile.swift */; };
		CED432F11DB3D9EF00966DFD /* MIME.swift in Sources */ = {isa = PBXBuildFile; fileRef = CED432F01DB3D9EF00966DFD /* MIME.swift */; };
		CED432F71DB3E60A00966DFD /* DestinationView.swift in Sources */ = {isa = PBXBuildFile; fileRef = CED432F61DB3E60A00966DFD /* DestinationView.swift */; };
/* End PBXBuildFile section */

/* Begin PBXFileReference section */
		CE28C6A81DB94EB7003CCCE8 /* Helper.swift */ = {isa = PBXFileReference; fileEncoding = 4; lastKnownFileType = sourcecode.swift; path = Helper.swift; sourceTree = "<group>"; };
		CED432DC1DB13B9C00966DFD /* transfer.sh.app */ = {isa = PBXFileReference; explicitFileType = wrapper.application; includeInIndex = 0; path = transfer.sh.app; sourceTree = BUILT_PRODUCTS_DIR; };
		CED432DF1DB13B9C00966DFD /* AppDelegate.swift */ = {isa = PBXFileReference; lastKnownFileType = sourcecode.swift; path = AppDelegate.swift; sourceTree = "<group>"; };
		CED432E11DB13B9C00966DFD /* ViewController.swift */ = {isa = PBXFileReference; lastKnownFileType = sourcecode.swift; path = ViewController.swift; sourceTree = "<group>"; };
		CED432E31DB13B9C00966DFD /* Assets.xcassets */ = {isa = PBXFileReference; lastKnownFileType = folder.assetcatalog; path = Assets.xcassets; sourceTree = "<group>"; };
		CED432E61DB13B9C00966DFD /* Base */ = {isa = PBXFileReference; lastKnownFileType = file.storyboard; name = Base; path = Base.lproj/Main.storyboard; sourceTree = "<group>"; };
		CED432E81DB13B9C00966DFD /* Info.plist */ = {isa = PBXFileReference; lastKnownFileType = text.plist.xml; path = Info.plist; sourceTree = "<group>"; };
		CED432EE1DB141C900966DFD /* UploadFile.swift */ = {isa = PBXFileReference; fileEncoding = 4; lastKnownFileType = sourcecode.swift; path = UploadFile.swift; sourceTree = "<group>"; };
		CED432F01DB3D9EF00966DFD /* MIME.swift */ = {isa = PBXFileReference; fileEncoding = 4; lastKnownFileType = sourcecode.swift; path = MIME.swift; sourceTree = "<group>"; };
		CED432F61DB3E60A00966DFD /* DestinationView.swift */ = {isa = PBXFileReference; fileEncoding = 4; lastKnownFileType = sourcecode.swift; path = DestinationView.swift; sourceTree = "<group>"; };
/* End PBXFileReference section */

/* Begin PBXFrameworksBuildPhase section */
		CED432D91DB13B9C00966DFD /* Frameworks */ = {
			isa = PBXFrameworksBuildPhase;
			buildActionMask = 2147483647;
			files = (
			);
			runOnlyForDeploymentPostprocessing = 0;
		};
/* End PBXFrameworksBuildPhase section */

/* Begin PBXGroup section */
		CED432D31DB13B9C00966DFD = {
			isa = PBXGroup;
			children = (
				CED432DE1DB13B9C00966DFD /* transfer.sh */,
				CED432DD1DB13B9C00966DFD /* Products */,
			);
			sourceTree = "<group>";
		};
		CED432DD1DB13B9C00966DFD /* Products */ = {
			isa = PBXGroup;
			children = (
				CED432DC1DB13B9C00966DFD /* transfer.sh.app */,
			);
			name = Products;
			sourceTree = "<group>";
		};
		CED432DE1DB13B9C00966DFD /* transfer.sh */ = {
			isa = PBXGroup;
			children = (
				CE28C6A81DB94EB7003CCCE8 /* Helper.swift */,
				CED432DF1DB13B9C00966DFD /* AppDelegate.swift */,
				CED432F61DB3E60A00966DFD /* DestinationView.swift */,
				CED432E11DB13B9C00966DFD /* ViewController.swift */,
				CED432EE1DB141C900966DFD /* UploadFile.swift */,
				CED432F01DB3D9EF00966DFD /* MIME.swift */,
				CED432E31DB13B9C00966DFD /* Assets.xcassets */,
				CED432E51DB13B9C00966DFD /* Main.storyboard */,
				CED432E81DB13B9C00966DFD /* Info.plist */,
			);
			path = transfer.sh;
			sourceTree = "<group>";
		};
/* End PBXGroup section */

/* Begin PBXNativeTarget section */
		CED432DB1DB13B9C00966DFD /* transfer.sh */ = {
			isa = PBXNativeTarget;
			buildConfigurationList = CED432EB1DB13B9C00966DFD /* Build configuration list for PBXNativeTarget "transfer.sh" */;
			buildPhases = (
				CED432D81DB13B9C00966DFD /* Sources */,
				CED432D91DB13B9C00966DFD /* Frameworks */,
				CED432DA1DB13B9C00966DFD /* Resources */,
			);
			buildRules = (
			);
			dependencies = (
			);
			name = transfer.sh;
			productName = transfer.sh;
			productReference = CED432DC1DB13B9C00966DFD /* transfer.sh.app */;
			productType = "com.apple.product-type.application";
		};
/* End PBXNativeTarget section */

/* Begin PBXProject section */
		CED432D41DB13B9C00966DFD /* Project object */ = {
			isa = PBXProject;
			attributes = {
				LastSwiftUpdateCheck = 0800;
				LastUpgradeCheck = 0800;
				ORGANIZATIONNAME = chl;
				TargetAttributes = {
					CED432DB1DB13B9C00966DFD = {
						CreatedOnToolsVersion = 8.0;
						DevelopmentTeam = X8GFX23QE8;
						ProvisioningStyle = Automatic;
					};
				};
			};
			buildConfigurationList = CED432D71DB13B9C00966DFD /* Build configuration list for PBXProject "transfer.sh" */;
			compatibilityVersion = "Xcode 3.2";
			developmentRegion = English;
			hasScannedForEncodings = 0;
			knownRegions = (
				en,
				Base,
			);
			mainGroup = CED432D31DB13B9C00966DFD;
			productRefGroup = CED432DD1DB13B9C00966DFD /* Products */;
			projectDirPath = "";
			projectRoot = "";
			targets = (
				CED432DB1DB13B9C00966DFD /* transfer.sh */,
			);
		};
/* End PBXProject section */

/* Begin PBXResourcesBuildPhase section */
		CED432DA1DB13B9C00966DFD /* Resources */ = {
			isa = PBXResourcesBuildPhase;
			buildActionMask = 2147483647;
			files = (
				CED432E41DB13B9C00966DFD /* Assets.xcassets in Resources */,
				CED432E71DB13B9C00966DFD /* Main.storyboard in Resources */,
			);
			runOnlyForDeploymentPostprocessing = 0;
		};
/* End PBXResourcesBuildPhase section */

/* Begin PBXSourcesBuildPhase section */
		CED432D81DB13B9C00966DFD /* Sources */ = {
			isa = PBXSourcesBuildPhase;
			buildActionMask = 2147483647;
			files = (
				CED432EF1DB141C900966DFD /* UploadFile.swift in Sources */,
				CED432F11DB3D9EF00966DFD /* MIME.swift in Sources */,
				CED432F71DB3E60A00966DFD /* DestinationView.swift in Sources */,
				CED432E21DB13B9C00966DFD /* ViewController.swift in Sources */,
				CED432E01DB13B9C00966DFD /* AppDelegate.swift in Sources */,
				CE28C6A91DB94EB7003CCCE8 /* Helper.swift in Sources */,
			);
			runOnlyForDeploymentPostprocessing = 0;
		};
/* End PBXSourcesBuildPhase section */

/* Begin PBXVariantGroup section */
		CED432E51DB13B9C00966DFD /* Main.storyboard */ = {
			isa = PBXVariantGroup;
			children = (
				CED432E61DB13B9C00966DFD /* Base */,
			);
			name = Main.storyboard;
			sourceTree = "<group>";
		};
/* End PBXVariantGroup section */

/* Begin XCBuildConfiguration section */
		CED432E91DB13B9C00966DFD /* Debug */ = {
			isa = XCBuildConfiguration;
			buildSettings = {
				ALWAYS_SEARCH_USER_PATHS = NO;
				CLANG_ANALYZER_NONNULL = YES;
				CLANG_CXX_LANGUAGE_STANDARD = "gnu++0x";
				CLANG_CXX_LIBRARY = "libc++";
				CLANG_ENABLE_MODULES = YES;
				CLANG_ENABLE_OBJC_ARC = YES;
				CLANG_WARN_BOOL_CONVERSION = YES;
				CLANG_WARN_CONSTANT_CONVERSION = YES;
				CLANG_WARN_DIRECT_OBJC_ISA_USAGE = YES_ERROR;
				CLANG_WARN_DOCUMENTATION_COMMENTS = YES;
				CLANG_WARN_EMPTY_BODY = YES;
				CLANG_WARN_ENUM_CONVERSION = YES;
				CLANG_WARN_INFINITE_RECURSION = YES;
				CLANG_WARN_INT_CONVERSION = YES;
				CLANG_WARN_OBJC_ROOT_CLASS = YES_ERROR;
				CLANG_WARN_SUSPICIOUS_MOVES = YES;
				CLANG_WARN_UNREACHABLE_CODE = YES;
				CLANG_WARN__DUPLICATE_METHOD_MATCH = YES;
				CODE_SIGN_IDENTITY = "-";
				COPY_PHASE_STRIP = NO;
				DEBUG_INFORMATION_FORMAT = dwarf;
				ENABLE_STRICT_OBJC_MSGSEND = YES;
				ENABLE_TESTABILITY = YES;
				GCC_C_LANGUAGE_STANDARD = gnu99;
				GCC_DYNAMIC_NO_PIC = NO;
				GCC_NO_COMMON_BLOCKS = YES;
				GCC_OPTIMIZATION_LEVEL = 0;
				GCC_PREPROCESSOR_DEFINITIONS = (
					"DEBUG=1",
					"$(inherited)",
				);
				GCC_WARN_64_TO_32_BIT_CONVERSION = YES;
				GCC_WARN_ABOUT_RETURN_TYPE = YES_ERROR;
				GCC_WARN_UNDECLARED_SELECTOR = YES;
				GCC_WARN_UNINITIALIZED_AUTOS = YES_AGGRESSIVE;
				GCC_WARN_UNUSED_FUNCTION = YES;
				GCC_WARN_UNUSED_VARIABLE = YES;
				MACOSX_DEPLOYMENT_TARGET = 10.12;
				MTL_ENABLE_DEBUG_INFO = YES;
				ONLY_ACTIVE_ARCH = YES;
				SDKROOT = macosx;
				SWIFT_ACTIVE_COMPILATION_CONDITIONS = DEBUG;
				SWIFT_OPTIMIZATION_LEVEL = "-Onone";
			};
			name = Debug;
		};
		CED432EA1DB13B9C00966DFD /* Release */ = {
			isa = XCBuildConfiguration;
			buildSettings = {
				ALWAYS_SEARCH_USER_PATHS = NO;
				CLANG_ANALYZER_NONNULL = YES;
				CLANG_CXX_LANGUAGE_STANDARD = "gnu++0x";
				CLANG_CXX_LIBRARY = "libc++";
				CLANG_ENABLE_MODULES = YES;
				CLANG_ENABLE_OBJC_ARC = YES;
				CLANG_WARN_BOOL_CONVERSION = YES;
				CLANG_WARN_CONSTANT_CONVERSION = YES;
				CLANG_WARN_DIRECT_OBJC_ISA_USAGE = YES_ERROR;
				CLANG_WARN_DOCUMENTATION_COMMENTS = YES;
				CLANG_WARN_EMPTY_BODY = YES;
				CLANG_WARN_ENUM_CONVERSION = YES;
				CLANG_WARN_INFINITE_RECURSION = YES;
				CLANG_WARN_INT_CONVERSION = YES;
				CLANG_WARN_OBJC_ROOT_CLASS = YES_ERROR;
				CLANG_WARN_SUSPICIOUS_MOVES = YES;
				CLANG_WARN_UNREACHABLE_CODE = YES;
				CLANG_WARN__DUPLICATE_METHOD_MATCH = YES;
				CODE_SIGN_IDENTITY = "-";
				COPY_PHASE_STRIP = NO;
				DEBUG_INFORMATION_FORMAT = "dwarf-with-dsym";
				ENABLE_NS_ASSERTIONS = NO;
				ENABLE_STRICT_OBJC_MSGSEND = YES;
				GCC_C_LANGUAGE_STANDARD = gnu99;
				GCC_NO_COMMON_BLOCKS = YES;
				GCC_WARN_64_TO_32_BIT_CONVERSION = YES;
				GCC_WARN_ABOUT_RETURN_TYPE = YES_ERROR;
				GCC_WARN_UNDECLARED_SELECTOR = YES;
				GCC_WARN_UNINITIALIZED_AUTOS = YES_AGGRESSIVE;
				GCC_WARN_UNUSED_FUNCTION = YES;
				GCC_WARN_UNUSED_VARIABLE = YES;
				MACOSX_DEPLOYMENT_TARGET = 10.12;
				MTL_ENABLE_DEBUG_INFO = NO;
				SDKROOT = macosx;
				SWIFT_OPTIMIZATION_LEVEL = "-Owholemodule";
			};
			name = Release;
		};
		CED432EC1DB13B9C00966DFD /* Debug */ = {
			isa = XCBuildConfiguration;
			buildSettings = {
				ASSETCATALOG_COMPILER_APPICON_NAME = AppIcon;
				CODE_SIGN_IDENTITY = "Mac Developer";
				COMBINE_HIDPI_IMAGES = YES;
				DEVELOPMENT_TEAM = X8GFX23QE8;
				INFOPLIST_FILE = transfer.sh/Info.plist;
				LD_RUNPATH_SEARCH_PATHS = "$(inherited) @executable_path/../Frameworks";
				PRODUCT_BUNDLE_IDENTIFIER = "org.loessl.transfer-sh";
				PRODUCT_NAME = "$(TARGET_NAME)";
				SWIFT_VERSION = 3.0;
			};
			name = Debug;
		};
		CED432ED1DB13B9C00966DFD /* Release */ = {
			isa = XCBuildConfiguration;
			buildSettings = {
				ASSETCATALOG_COMPILER_APPICON_NAME = AppIcon;
				CODE_SIGN_IDENTITY = "Mac Developer";
				COMBINE_HIDPI_IMAGES = YES;
				DEVELOPMENT_TEAM = X8GFX23QE8;
				INFOPLIST_FILE = transfer.sh/Info.plist;
				LD_RUNPATH_SEARCH_PATHS = "$(inherited) @executable_path/../Frameworks";
				PRODUCT_BUNDLE_IDENTIFIER = "org.loessl.transfer-sh";
				PRODUCT_NAME = "$(TARGET_NAME)";
				SWIFT_VERSION = 3.0;
			};
			name = Release;
		};
/* End XCBuildConfiguration section */

/* Begin XCConfigurationList section */
		CED432D71DB13B9C00966DFD /* Build configuration list for PBXProject "transfer.sh" */ = {
			isa = XCConfigurationList;
			buildConfigurations = (
				CED432E91DB13B9C00966DFD /* Debug */,
				CED432EA1DB13B9C00966DFD /* Release */,
			);
			defaultConfigurationIsVisible = 0;
			defaultConfigurationName = Release;
		};
		CED432EB1DB13B9C00966DFD /* Build configuration list for PBXNativeTarget "transfer.sh" */ = {
			isa = XCConfigurationList;
			buildConfigurations = (
				CED432EC1DB13B9C00966DFD /* Debug */,
				CED432ED1DB13B9C00966DFD /* Release */,
			);
			defaultConfigurationIsVisible = 0;
			defaultConfigurationName = Release;
		};
/* End XCConfigurationList section */
	};
	rootObject = CED432D41DB13B9C00966DFD /* Project object */;
}
